
Microsoft Visual Studio Solution File, Format Version 12.00
# Visual Studio 15
VisualStudioVersion = 15.0.27428.2043
MinimumVisualStudioVersion = 10.0.40219.1
Project("{9A19103F-16F7-4668-BE54-9A1E7A4F7556}") = "NHibernate.Api", "NHibernate.Api\NHibernate.Api.csproj", "{E75582D9-F701-42C0-AF9F-7B7C04481F39}"
EndProject
Project("{9A19103F-16F7-4668-BE54-9A1E7A4F7556}") = "NHibernate.Entity", "NHibernate.Entity\NHibernate.Entity.csproj", "{A11CEFA9-D8E3-4B70-9B9E-8AF1B63FBC4F}"
EndProject
Project("{9A19103F-16F7-4668-BE54-9A1E7A4F7556}") = "NHibernate.Data", "NHibernate.Data\NHibernate.Data.csproj", "{F58A5837-6CBA-45E6-A46D-C046A43CAC04}"
EndProject
Project("{9A19103F-16F7-4668-BE54-9A1E7A4F7556}") = "NHibernate.Repository", "NHibernate.Repository\NHibernate.Repository.csproj", "{CA3923EA-B745-4091-83EB-76EDCE297548}"
EndProject
Project("{FAE04EC0-301F-11D3-BF4B-00C04F79EFBC}") = "NHibernate.Service", "NHibernate.Service\NHibernate.Service.csproj", "{E607149F-3E95-40BE-B6A5-494F68823923}"
EndProject
Global
	GlobalSection(SolutionConfigurationPlatforms) = preSolution
		Debug|Any CPU = Debug|Any CPU
		Release|Any CPU = Release|Any CPU
	EndGlobalSection
	GlobalSection(ProjectConfigurationPlatforms) = postSolution
		{E75582D9-F701-42C0-AF9F-7B7C04481F39}.Debug|Any CPU.ActiveCfg = Debug|Any CPU
		{E75582D9-F701-42C0-AF9F-7B7C04481F39}.Debug|Any CPU.Build.0 = Debug|Any CPU
		{E75582D9-F701-42C0-AF9F-7B7C04481F39}.Release|Any CPU.ActiveCfg = Release|Any CPU
		{E75582D9-F701-42C0-AF9F-7B7C04481F39}.Release|Any CPU.Build.0 = Release|Any CPU
		{A11CEFA9-D8E3-4B70-9B9E-8AF1B63FBC4F}.Debug|Any CPU.ActiveCfg = Debug|Any CPU
		{A11CEFA9-D8E3-4B70-9B9E-8AF1B63FBC4F}.Debug|Any CPU.Build.0 = Debug|Any CPU
		{A11CEFA9-D8E3-4B70-9B9E-8AF1B63FBC4F}.Release|Any CPU.ActiveCfg = Release|Any CPU
		{A11CEFA9-D8E3-4B70-9B9E-8AF1B63FBC4F}.Release|Any CPU.Build.0 = Release|Any CPU
		{F58A5837-6CBA-45E6-A46D-C046A43CAC04}.Debug|Any CPU.ActiveCfg = Debug|Any CPU
		{F58A5837-6CBA-45E6-A46D-C046A43CAC04}.Debug|Any CPU.Build.0 = Debug|Any CPU
		{F58A5837-6CBA-45E6-A46D-C046A43CAC04}.Release|Any CPU.ActiveCfg = Release|Any CPU
		{F58A5837-6CBA-45E6-A46D-C046A43CAC04}.Release|Any CPU.Build.0 = Release|Any CPU
		{CA3923EA-B745-4091-83EB-76EDCE297548}.Debug|Any CPU.ActiveCfg = Debug|Any CPU
		{CA3923EA-B745-4091-83EB-76EDCE297548}.Debug|Any CPU.Build.0 = Debug|Any CPU
		{CA3923EA-B745-4091-83EB-76EDCE297548}.Release|Any CPU.ActiveCfg = Release|Any CPU
		{CA3923EA-B745-4091-83EB-76EDCE297548}.Release|Any CPU.Build.0 = Release|Any CPU
		{E607149F-3E95-40BE-B6A5-494F68823923}.Debug|Any CPU.ActiveCfg = Debug|Any CPU
		{E607149F-3E95-40BE-B6A5-494F68823923}.Debug|Any CPU.Build.0 = Debug|Any CPU
		{E607149F-3E95-40BE-B6A5-494F68823923}.Release|Any CPU.ActiveCfg = Release|Any CPU
		{E607149F-3E95-40BE-B6A5-494F68823923}.Release|Any CPU.Build.0 = Release|Any CPU
	EndGlobalSection
	GlobalSection(SolutionProperties) = preSolution
		HideSolutionNode = FALSE
	EndGlobalSection
	GlobalSection(ExtensibilityGlobals) = postSolution
		SolutionGuid = {DBCB0F5F-2336-49D7-BB91-129DE16B8CB6}
	EndGlobalSection
EndGlobal
